// !$*UTF8*$!
{
	archiveVersion = 1;
	classes = {
	};
	objectVersion = 77;
	objects = {

/* Begin PBXContainerItemProxy section */
		5FC960D12CED4683004643E9 /* PBXContainerItemProxy */ = {
			isa = PBXContainerItemProxy;
			containerPortal = 5FC960B82CED4678004643E9 /* Project object */;
			proxyType = 1;
			remoteGlobalIDString = 5FC960BF2CED4678004643E9;
			remoteInfo = PIA13IOSv1;
		};
		5FC960DB2CED4683004643E9 /* PBXContainerItemProxy */ = {
			isa = PBXContainerItemProxy;
			containerPortal = 5FC960B82CED4678004643E9 /* Project object */;
			proxyType = 1;
			remoteGlobalIDString = 5FC960BF2CED4678004643E9;
			remoteInfo = PIA13IOSv1;
		};
/* End PBXContainerItemProxy section */

/* Begin PBXFileReference section */
		5FC960C02CED4678004643E9 /* PIA13IOSv1.app */ = {isa = PBXFileReference; explicitFileType = wrapper.application; includeInIndex = 0; path = PIA13IOSv1.app; sourceTree = BUILT_PRODUCTS_DIR; };
		5FC960D02CED4683004643E9 /* PIA13IOSv1Tests.xctest */ = {isa = PBXFileReference; explicitFileType = wrapper.cfbundle; includeInIndex = 0; path = PIA13IOSv1Tests.xctest; sourceTree = BUILT_PRODUCTS_DIR; };
		5FC960DA2CED4683004643E9 /* PIA13IOSv1UITests.xctest */ = {isa = PBXFileReference; explicitFileType = wrapper.cfbundle; includeInIndex = 0; path = PIA13IOSv1UITests.xctest; sourceTree = BUILT_PRODUCTS_DIR; };
/* End PBXFileReference section */

/* Begin PBXFileSystemSynchronizedRootGroup section */
		5FC960C22CED4678004643E9 /* PIA13IOSv1 */ = {
			isa = PBXFileSystemSynchronizedRootGroup;
			path = PIA13IOSv1;
			sourceTree = "<group>";
		};
		5FC960D32CED4683004643E9 /* PIA13IOSv1Tests */ = {
			isa = PBXFileSystemSynchronizedRootGroup;
			path = PIA13IOSv1Tests;
			sourceTree = "<group>";
		};
		5FC960DD2CED4683004643E9 /* PIA13IOSv1UITests */ = {
			isa = PBXFileSystemSynchronizedRootGroup;
			path = PIA13IOSv1UITests;
			sourceTree = "<group>";
		};
/* End PBXFileSystemSynchronizedRootGroup section */

/* Begin PBXFrameworksBuildPhase section */
		5FC960BD2CED4678004643E9 /* Frameworks */ = {
			isa = PBXFrameworksBuildPhase;
			buildActionMask = 2147483647;
			files = (
			);
			runOnlyForDeploymentPostprocessing = 0;
		};
		5FC960CD2CED4683004643E9 /* Frameworks */ = {
			isa = PBXFrameworksBuildPhase;
			buildActionMask = 2147483647;
			files = (
			);
			runOnlyForDeploymentPostprocessing = 0;
		};
		5FC960D72CED4683004643E9 /* Frameworks */ = {
			isa = PBXFrameworksBuildPhase;
			buildActionMask = 2147483647;
			files = (
			);
			runOnlyForDeploymentPostprocessing = 0;
		};
/* End PBXFrameworksBuildPhase section */

/* Begin PBXGroup section */
		5FC960B72CED4678004643E9 = {
			isa = PBXGroup;
			children = (
				5FC960C22CED4678004643E9 /* PIA13IOSv1 */,
				5FC960D32CED4683004643E9 /* PIA13IOSv1Tests */,
				5FC960DD2CED4683004643E9 /* PIA13IOSv1UITests */,
				5FC960C12CED4678004643E9 /* Products */,
			);
			sourceTree = "<group>";
		};
		5FC960C12CED4678004643E9 /* Products */ = {
			isa = PBXGroup;
			children = (
				5FC960C02CED4678004643E9 /* PIA13IOSv1.app */,
				5FC960D02CED4683004643E9 /* PIA13IOSv1Tests.xctest */,
				5FC960DA2CED4683004643E9 /* PIA13IOSv1UITests.xctest */,
			);
			name = Products;
			sourceTree = "<group>";
		};
/* End PBXGroup section */

/* Begin PBXNativeTarget section */
		5FC960BF2CED4678004643E9 /* PIA13IOSv1 */ = {
			isa = PBXNativeTarget;
			buildConfigurationList = 5FC960E42CED4683004643E9 /* Build configuration list for PBXNativeTarget "PIA13IOSv1" */;
			buildPhases = (
				5FC960BC2CED4678004643E9 /* Sources */,
				5FC960BD2CED4678004643E9 /* Frameworks */,
				5FC960BE2CED4678004643E9 /* Resources */,
			);
			buildRules = (
			);
			dependencies = (
			);
			fileSystemSynchronizedGroups = (
				5FC960C22CED4678004643E9 /* PIA13IOSv1 */,
			);
			name = PIA13IOSv1;
			packageProductDependencies = (
			);
			productName = PIA13IOSv1;
			productReference = 5FC960C02CED4678004643E9 /* PIA13IOSv1.app */;
			productType = "com.apple.product-type.application";
		};
		5FC960CF2CED4683004643E9 /* PIA13IOSv1Tests */ = {
			isa = PBXNativeTarget;
			buildConfigurationList = 5FC960E72CED4683004643E9 /* Build configuration list for PBXNativeTarget "PIA13IOSv1Tests" */;
			buildPhases = (
				5FC960CC2CED4683004643E9 /* Sources */,
				5FC960CD2CED4683004643E9 /* Frameworks */,
				5FC960CE2CED4683004643E9 /* Resources */,
			);
			buildRules = (
			);
			dependencies = (
				5FC960D22CED4683004643E9 /* PBXTargetDependency */,
			);
			fileSystemSynchronizedGroups = (
				5FC960D32CED4683004643E9 /* PIA13IOSv1Tests */,
			);
			name = PIA13IOSv1Tests;
			packageProductDependencies = (
			);
			productName = PIA13IOSv1Tests;
			productReference = 5FC960D02CED4683004643E9 /* PIA13IOSv1Tests.xctest */;
			productType = "com.apple.product-type.bundle.unit-test";
		};
		5FC960D92CED4683004643E9 /* PIA13IOSv1UITests */ = {
			isa = PBXNativeTarget;
			buildConfigurationList = 5FC960EA2CED4683004643E9 /* Build configuration list for PBXNativeTarget "PIA13IOSv1UITests" */;
			buildPhases = (
				5FC960D62CED4683004643E9 /* Sources */,
				5FC960D72CED4683004643E9 /* Frameworks */,
				5FC960D82CED4683004643E9 /* Resources */,
			);
			buildRules = (
			);
			dependencies = (
				5FC960DC2CED4683004643E9 /* PBXTargetDependency */,
			);
			fileSystemSynchronizedGroups = (
				5FC960DD2CED4683004643E9 /* PIA13IOSv1UITests */,
			);
			name = PIA13IOSv1UITests;
			packageProductDependencies = (
			);
			productName = PIA13IOSv1UITests;
			productReference = 5FC960DA2CED4683004643E9 /* PIA13IOSv1UITests.xctest */;
			productType = "com.apple.product-type.bundle.ui-testing";
		};
/* End PBXNativeTarget section */

/* Begin PBXProject section */
		5FC960B82CED4678004643E9 /* Project object */ = {
			isa = PBXProject;
			attributes = {
				BuildIndependentTargetsInParallel = 1;
				LastSwiftUpdateCheck = 1610;
				LastUpgradeCheck = 1610;
				TargetAttributes = {
					5FC960BF2CED4678004643E9 = {
						CreatedOnToolsVersion = 16.1;
					};
					5FC960CF2CED4683004643E9 = {
						CreatedOnToolsVersion = 16.1;
						TestTargetID = 5FC960BF2CED4678004643E9;
					};
					5FC960D92CED4683004643E9 = {
						CreatedOnToolsVersion = 16.1;
						TestTargetID = 5FC960BF2CED4678004643E9;
					};
				};
			};
			buildConfigurationList = 5FC960BB2CED4678004643E9 /* Build configuration list for PBXProject "PIA13IOSv1" */;
			developmentRegion = en;
			hasScannedForEncodings = 0;
			knownRegions = (
				en,
				Base,
			);
			mainGroup = 5FC960B72CED4678004643E9;
			minimizedProjectReferenceProxies = 1;
			preferredProjectObjectVersion = 77;
			productRefGroup = 5FC960C12CED4678004643E9 /* Products */;
			projectDirPath = "";
			projectRoot = "";
			targets = (
				5FC960BF2CED4678004643E9 /* PIA13IOSv1 */,
				5FC960CF2CED4683004643E9 /* PIA13IOSv1Tests */,
				5FC960D92CED4683004643E9 /* PIA13IOSv1UITests */,
			);
		};
/* End PBXProject section */

/* Begin PBXResourcesBuildPhase section */
		5FC960BE2CED4678004643E9 /* Resources */ = {
			isa = PBXResourcesBuildPhase;
			buildActionMask = 2147483647;
			files = (
			);
			runOnlyForDeploymentPostprocessing = 0;
		};
		5FC960CE2CED4683004643E9 /* Resources */ = {
			isa = PBXResourcesBuildPhase;
			buildActionMask = 2147483647;
			files = (
			);
			runOnlyForDeploymentPostprocessing = 0;
		};
		5FC960D82CED4683004643E9 /* Resources */ = {
			isa = PBXResourcesBuildPhase;
			buildActionMask = 2147483647;
			files = (
			);
			runOnlyForDeploymentPostprocessing = 0;
		};
/* End PBXResourcesBuildPhase section */

/* Begin PBXSourcesBuildPhase section */
		5FC960BC2CED4678004643E9 /* Sources */ = {
			isa = PBXSourcesBuildPhase;
			buildActionMask = 2147483647;
			files = (
			);
			runOnlyForDeploymentPostprocessing = 0;
		};
		5FC960CC2CED4683004643E9 /* Sources */ = {
			isa = PBXSourcesBuildPhase;
			buildActionMask = 2147483647;
			files = (
			);
			runOnlyForDeploymentPostprocessing = 0;
		};
		5FC960D62CED4683004643E9 /* Sources */ = {
			isa = PBXSourcesBuildPhase;
			buildActionMask = 2147483647;
			files = (
			);
			runOnlyForDeploymentPostprocessing = 0;
		};
/* End PBXSourcesBuildPhase section */

/* Begin PBXTargetDependency section */
		5FC960D22CED4683004643E9 /* PBXTargetDependency */ = {
			isa = PBXTargetDependency;
			target = 5FC960BF2CED4678004643E9 /* PIA13IOSv1 */;
			targetProxy = 5FC960D12CED4683004643E9 /* PBXContainerItemProxy */;
		};
		5FC960DC2CED4683004643E9 /* PBXTargetDependency */ = {
			isa = PBXTargetDependency;
			target = 5FC960BF2CED4678004643E9 /* PIA13IOSv1 */;
			targetProxy = 5FC960DB2CED4683004643E9 /* PBXContainerItemProxy */;
		};
/* End PBXTargetDependency section */

/* Begin XCBuildConfiguration section */
		5FC960E22CED4683004643E9 /* Debug */ = {
			isa = XCBuildConfiguration;
			buildSettings = {
				ALWAYS_SEARCH_USER_PATHS = NO;
				ASSETCATALOG_COMPILER_GENERATE_SWIFT_ASSET_SYMBOL_EXTENSIONS = YES;
				CLANG_ANALYZER_NONNULL = YES;
				CLANG_ANALYZER_NUMBER_OBJECT_CONVERSION = YES_AGGRESSIVE;
				CLANG_CXX_LANGUAGE_STANDARD = "gnu++20";
				CLANG_ENABLE_MODULES = YES;
				CLANG_ENABLE_OBJC_ARC = YES;
				CLANG_ENABLE_OBJC_WEAK = YES;
				CLANG_WARN_BLOCK_CAPTURE_AUTORELEASING = YES;
				CLANG_WARN_BOOL_CONVERSION = YES;
				CLANG_WARN_COMMA = YES;
				CLANG_WARN_CONSTANT_CONVERSION = YES;
				CLANG_WARN_DEPRECATED_OBJC_IMPLEMENTATIONS = YES;
				CLANG_WARN_DIRECT_OBJC_ISA_USAGE = YES_ERROR;
				CLANG_WARN_DOCUMENTATION_COMMENTS = YES;
				CLANG_WARN_EMPTY_BODY = YES;
				CLANG_WARN_ENUM_CONVERSION = YES;
				CLANG_WARN_INFINITE_RECURSION = YES;
				CLANG_WARN_INT_CONVERSION = YES;
				CLANG_WARN_NON_LITERAL_NULL_CONVERSION = YES;
				CLANG_WARN_OBJC_IMPLICIT_RETAIN_SELF = YES;
				CLANG_WARN_OBJC_LITERAL_CONVERSION = YES;
				CLANG_WARN_OBJC_ROOT_CLASS = YES_ERROR;
				CLANG_WARN_QUOTED_INCLUDE_IN_FRAMEWORK_HEADER = YES;
				CLANG_WARN_RANGE_LOOP_ANALYSIS = YES;
				CLANG_WARN_STRICT_PROTOTYPES = YES;
				CLANG_WARN_SUSPICIOUS_MOVE = YES;
				CLANG_WARN_UNGUARDED_AVAILABILITY = YES_AGGRESSIVE;
				CLANG_WARN_UNREACHABLE_CODE = YES;
				CLANG_WARN__DUPLICATE_METHOD_MATCH = YES;
				COPY_PHASE_STRIP = NO;
				DEBUG_INFORMATION_FORMAT = dwarf;
				ENABLE_STRICT_OBJC_MSGSEND = YES;
				ENABLE_TESTABILITY = YES;
				ENABLE_USER_SCRIPT_SANDBOXING = YES;
				GCC_C_LANGUAGE_STANDARD = gnu17;
				GCC_DYNAMIC_NO_PIC = NO;
				GCC_NO_COMMON_BLOCKS = YES;
				GCC_OPTIMIZATION_LEVEL = 0;
				GCC_PREPROCESSOR_DEFINITIONS = (
					"DEBUG=1",
					"$(inherited)",
				);
				GCC_WARN_64_TO_32_BIT_CONVERSION = YES;
				GCC_WARN_ABOUT_RETURN_TYPE = YES_ERROR;
				GCC_WARN_UNDECLARED_SELECTOR = YES;
				GCC_WARN_UNINITIALIZED_AUTOS = YES_AGGRESSIVE;
				GCC_WARN_UNUSED_FUNCTION = YES;
				GCC_WARN_UNUSED_VARIABLE = YES;
				IPHONEOS_DEPLOYMENT_TARGET = 18.1;
				LOCALIZATION_PREFERS_STRING_CATALOGS = YES;
				MTL_ENABLE_DEBUG_INFO = INCLUDE_SOURCE;
				MTL_FAST_MATH = YES;
				ONLY_ACTIVE_ARCH = YES;
				SDKROOT = iphoneos;
				SWIFT_ACTIVE_COMPILATION_CONDITIONS = "DEBUG $(inherited)";
				SWIFT_OPTIMIZATION_LEVEL = "-Onone";
			};
			name = Debug;
		};
		5FC960E32CED4683004643E9 /* Release */ = {
			isa = XCBuildConfiguration;
			buildSettings = {
				ALWAYS_SEARCH_USER_PATHS = NO;
				ASSETCATALOG_COMPILER_GENERATE_SWIFT_ASSET_SYMBOL_EXTENSIONS = YES;
				CLANG_ANALYZER_NONNULL = YES;
				CLANG_ANALYZER_NUMBER_OBJECT_CONVERSION = YES_AGGRESSIVE;
				CLANG_CXX_LANGUAGE_STANDARD = "gnu++20";
				CLANG_ENABLE_MODULES = YES;
				CLANG_ENABLE_OBJC_ARC = YES;
				CLANG_ENABLE_OBJC_WEAK = YES;
				CLANG_WARN_BLOCK_CAPTURE_AUTORELEASING = YES;
				CLANG_WARN_BOOL_CONVERSION = YES;
				CLANG_WARN_COMMA = YES;
				CLANG_WARN_CONSTANT_CONVERSION = YES;
				CLANG_WARN_DEPRECATED_OBJC_IMPLEMENTATIONS = YES;
				CLANG_WARN_DIRECT_OBJC_ISA_USAGE = YES_ERROR;
				CLANG_WARN_DOCUMENTATION_COMMENTS = YES;
				CLANG_WARN_EMPTY_BODY = YES;
				CLANG_WARN_ENUM_CONVERSION = YES;
				CLANG_WARN_INFINITE_RECURSION = YES;
				CLANG_WARN_INT_CONVERSION = YES;
				CLANG_WARN_NON_LITERAL_NULL_CONVERSION = YES;
				CLANG_WARN_OBJC_IMPLICIT_RETAIN_SELF = YES;
				CLANG_WARN_OBJC_LITERAL_CONVERSION = YES;
				CLANG_WARN_OBJC_ROOT_CLASS = YES_ERROR;
				CLANG_WARN_QUOTED_INCLUDE_IN_FRAMEWORK_HEADER = YES;
				CLANG_WARN_RANGE_LOOP_ANALYSIS = YES;
				CLANG_WARN_STRICT_PROTOTYPES = YES;
				CLANG_WARN_SUSPICIOUS_MOVE = YES;
				CLANG_WARN_UNGUARDED_AVAILABILITY = YES_AGGRESSIVE;
				CLANG_WARN_UNREACHABLE_CODE = YES;
				CLANG_WARN__DUPLICATE_METHOD_MATCH = YES;
				COPY_PHASE_STRIP = NO;
				DEBUG_INFORMATION_FORMAT = "dwarf-with-dsym";
				ENABLE_NS_ASSERTIONS = NO;
				ENABLE_STRICT_OBJC_MSGSEND = YES;
				ENABLE_USER_SCRIPT_SANDBOXING = YES;
				GCC_C_LANGUAGE_STANDARD = gnu17;
				GCC_NO_COMMON_BLOCKS = YES;
				GCC_WARN_64_TO_32_BIT_CONVERSION = YES;
				GCC_WARN_ABOUT_RETURN_TYPE = YES_ERROR;
				GCC_WARN_UNDECLARED_SELECTOR = YES;
				GCC_WARN_UNINITIALIZED_AUTOS = YES_AGGRESSIVE;
				GCC_WARN_UNUSED_FUNCTION = YES;
				GCC_WARN_UNUSED_VARIABLE = YES;
				IPHONEOS_DEPLOYMENT_TARGET = 18.1;
				LOCALIZATION_PREFERS_STRING_CATALOGS = YES;
				MTL_ENABLE_DEBUG_INFO = NO;
				MTL_FAST_MATH = YES;
				SDKROOT = iphoneos;
				SWIFT_COMPILATION_MODE = wholemodule;
				VALIDATE_PRODUCT = YES;
			};
			name = Release;
		};
		5FC960E52CED4683004643E9 /* Debug */ = {
			isa = XCBuildConfiguration;
			buildSettings = {
				ASSETCATALOG_COMPILER_APPICON_NAME = AppIcon;
				ASSETCATALOG_COMPILER_GLOBAL_ACCENT_COLOR_NAME = AccentColor;
				CODE_SIGN_STYLE = Automatic;
				CURRENT_PROJECT_VERSION = 1;
				DEVELOPMENT_ASSET_PATHS = "\"PIA13IOSv1/Preview Content\"";
				ENABLE_PREVIEWS = YES;
				GENERATE_INFOPLIST_FILE = YES;
				INFOPLIST_KEY_UIApplicationSceneManifest_Generation = YES;
				INFOPLIST_KEY_UIApplicationSupportsIndirectInputEvents = YES;
				INFOPLIST_KEY_UILaunchScreen_Generation = YES;
				INFOPLIST_KEY_UISupportedInterfaceOrientations_iPad = "UIInterfaceOrientationPortrait UIInterfaceOrientationPortraitUpsideDown UIInterfaceOrientationLandscapeLeft UIInterfaceOrientationLandscapeRight";
				INFOPLIST_KEY_UISupportedInterfaceOrientations_iPhone = "UIInterfaceOrientationPortrait UIInterfaceOrientationLandscapeLeft UIInterfaceOrientationLandscapeRight";
				LD_RUNPATH_SEARCH_PATHS = (
					"$(inherited)",
					"@executable_path/Frameworks",
				);
				MARKETING_VERSION = 1.0;
				PRODUCT_BUNDLE_IDENTIFIER = Burak.PIA13IOSv1;
				PRODUCT_NAME = "$(TARGET_NAME)";
				SWIFT_EMIT_LOC_STRINGS = YES;
				SWIFT_VERSION = 5.0;
				TARGETED_DEVICE_FAMILY = "1,2";
			};
			name = Debug;
		};
		5FC960E62CED4683004643E9 /* Release */ = {
			isa = XCBuildConfiguration;
			buildSettings = {
				ASSETCATALOG_COMPILER_APPICON_NAME = AppIcon;
				ASSETCATALOG_COMPILER_GLOBAL_ACCENT_COLOR_NAME = AccentColor;
				CODE_SIGN_STYLE = Automatic;
				CURRENT_PROJECT_VERSION = 1;
				DEVELOPMENT_ASSET_PATHS = "\"PIA13IOSv1/Preview Content\"";
				ENABLE_PREVIEWS = YES;
				GENERATE_INFOPLIST_FILE = YES;
				INFOPLIST_KEY_UIApplicationSceneManifest_Generation = YES;
				INFOPLIST_KEY_UIApplicationSupportsIndirectInputEvents = YES;
				INFOPLIST_KEY_UILaunchScreen_Generation = YES;
				INFOPLIST_KEY_UISupportedInterfaceOrientations_iPad = "UIInterfaceOrientationPortrait UIInterfaceOrientationPortraitUpsideDown UIInterfaceOrientationLandscapeLeft UIInterfaceOrientationLandscapeRight";
				INFOPLIST_KEY_UISupportedInterfaceOrientations_iPhone = "UIInterfaceOrientationPortrait UIInterfaceOrientationLandscapeLeft UIInterfaceOrientationLandscapeRight";
				LD_RUNPATH_SEARCH_PATHS = (
					"$(inherited)",
					"@executable_path/Frameworks",
				);
				MARKETING_VERSION = 1.0;
				PRODUCT_BUNDLE_IDENTIFIER = Burak.PIA13IOSv1;
				PRODUCT_NAME = "$(TARGET_NAME)";
				SWIFT_EMIT_LOC_STRINGS = YES;
				SWIFT_VERSION = 5.0;
				TARGETED_DEVICE_FAMILY = "1,2";
			};
			name = Release;
		};
		5FC960E82CED4683004643E9 /* Debug */ = {
			isa = XCBuildConfiguration;
			buildSettings = {
				BUNDLE_LOADER = "$(TEST_HOST)";
				CODE_SIGN_STYLE = Automatic;
				CURRENT_PROJECT_VERSION = 1;
				GENERATE_INFOPLIST_FILE = YES;
				IPHONEOS_DEPLOYMENT_TARGET = 18.1;
				MARKETING_VERSION = 1.0;
				PRODUCT_BUNDLE_IDENTIFIER = Burak.PIA13IOSv1Tests;
				PRODUCT_NAME = "$(TARGET_NAME)";
				SWIFT_EMIT_LOC_STRINGS = NO;
				SWIFT_VERSION = 5.0;
				TARGETED_DEVICE_FAMILY = "1,2";
				TEST_HOST = "$(BUILT_PRODUCTS_DIR)/PIA13IOSv1.app/$(BUNDLE_EXECUTABLE_FOLDER_PATH)/PIA13IOSv1";
			};
			name = Debug;
		};
		5FC960E92CED4683004643E9 /* Release */ = {
			isa = XCBuildConfiguration;
			buildSettings = {
				BUNDLE_LOADER = "$(TEST_HOST)";
				CODE_SIGN_STYLE = Automatic;
				CURRENT_PROJECT_VERSION = 1;
				GENERATE_INFOPLIST_FILE = YES;
				IPHONEOS_DEPLOYMENT_TARGET = 18.1;
				MARKETING_VERSION = 1.0;
				PRODUCT_BUNDLE_IDENTIFIER = Burak.PIA13IOSv1Tests;
				PRODUCT_NAME = "$(TARGET_NAME)";
				SWIFT_EMIT_LOC_STRINGS = NO;
				SWIFT_VERSION = 5.0;
				TARGETED_DEVICE_FAMILY = "1,2";
				TEST_HOST = "$(BUILT_PRODUCTS_DIR)/PIA13IOSv1.app/$(BUNDLE_EXECUTABLE_FOLDER_PATH)/PIA13IOSv1";
			};
			name = Release;
		};
		5FC960EB2CED4683004643E9 /* Debug */ = {
			isa = XCBuildConfiguration;
			buildSettings = {
				CODE_SIGN_STYLE = Automatic;
				CURRENT_PROJECT_VERSION = 1;
				GENERATE_INFOPLIST_FILE = YES;
				MARKETING_VERSION = 1.0;
				PRODUCT_BUNDLE_IDENTIFIER = Burak.PIA13IOSv1UITests;
				PRODUCT_NAME = "$(TARGET_NAME)";
				SWIFT_EMIT_LOC_STRINGS = NO;
				SWIFT_VERSION = 5.0;
				TARGETED_DEVICE_FAMILY = "1,2";
				TEST_TARGET_NAME = PIA13IOSv1;
			};
			name = Debug;
		};
		5FC960EC2CED4683004643E9 /* Release */ = {
			isa = XCBuildConfiguration;
			buildSettings = {
				CODE_SIGN_STYLE = Automatic;
				CURRENT_PROJECT_VERSION = 1;
				GENERATE_INFOPLIST_FILE = YES;
				MARKETING_VERSION = 1.0;
				PRODUCT_BUNDLE_IDENTIFIER = Burak.PIA13IOSv1UITests;
				PRODUCT_NAME = "$(TARGET_NAME)";
				SWIFT_EMIT_LOC_STRINGS = NO;
				SWIFT_VERSION = 5.0;
				TARGETED_DEVICE_FAMILY = "1,2";
				TEST_TARGET_NAME = PIA13IOSv1;
			};
			name = Release;
		};
/* End XCBuildConfiguration section */

/* Begin XCConfigurationList section */
		5FC960BB2CED4678004643E9 /* Build configuration list for PBXProject "PIA13IOSv1" */ = {
			isa = XCConfigurationList;
			buildConfigurations = (
				5FC960E22CED4683004643E9 /* Debug */,
				5FC960E32CED4683004643E9 /* Release */,
			);
			defaultConfigurationIsVisible = 0;
			defaultConfigurationName = Release;
		};
		5FC960E42CED4683004643E9 /* Build configuration list for PBXNativeTarget "PIA13IOSv1" */ = {
			isa = XCConfigurationList;
			buildConfigurations = (
				5FC960E52CED4683004643E9 /* Debug */,
				5FC960E62CED4683004643E9 /* Release */,
			);
			defaultConfigurationIsVisible = 0;
			defaultConfigurationName = Release;
		};
		5FC960E72CED4683004643E9 /* Build configuration list for PBXNativeTarget "PIA13IOSv1Tests" */ = {
			isa = XCConfigurationList;
			buildConfigurations = (
				5FC960E82CED4683004643E9 /* Debug */,
				5FC960E92CED4683004643E9 /* Release */,
			);
			defaultConfigurationIsVisible = 0;
			defaultConfigurationName = Release;
		};
		5FC960EA2CED4683004643E9 /* Build configuration list for PBXNativeTarget "PIA13IOSv1UITests" */ = {
			isa = XCConfigurationList;
			buildConfigurations = (
				5FC960EB2CED4683004643E9 /* Debug */,
				5FC960EC2CED4683004643E9 /* Release */,
			);
			defaultConfigurationIsVisible = 0;
			defaultConfigurationName = Release;
		};
/* End XCConfigurationList section */
	};
	rootObject = 5FC960B82CED4678004643E9 /* Project object */;
}
